
Microsoft Visual Studio Solution File, Format Version 12.00
# Visual Studio Version 17
VisualStudioVersion = 17.10.35027.167
MinimumVisualStudioVersion = 10.0.40219.1
Project("{FAE04EC0-301F-11D3-BF4B-00C04F79EFBC}") = "ContaCorrente", "ContaCorrente\ContaCorrente.csproj", "{F75623DA-4DF2-491D-85C6-281FB7856354}"
EndProject
Global
	GlobalSection(SolutionConfigurationPlatforms) = preSolution
		Debug|Any CPU = Debug|Any CPU
		Release|Any CPU = Release|Any CPU
	EndGlobalSection
	GlobalSection(ProjectConfigurationPlatforms) = postSolution
		{F75623DA-4DF2-491D-85C6-281FB7856354}.Debug|Any CPU.ActiveCfg = Debug|Any CPU
		{F75623DA-4DF2-491D-85C6-281FB7856354}.Debug|Any CPU.Build.0 = Debug|Any CPU
		{F75623DA-4DF2-491D-85C6-281FB7856354}.Release|Any CPU.ActiveCfg = Release|Any CPU
		{F75623DA-4DF2-491D-85C6-281FB7856354}.Release|Any CPU.Build.0 = Release|Any CPU
	EndGlobalSection
	GlobalSection(SolutionProperties) = preSolution
		HideSolutionNode = FALSE
	EndGlobalSection
	GlobalSection(ExtensibilityGlobals) = postSolution
		SolutionGuid = {3A912AD7-0CDD-4D13-B451-B3C0A3186574}
	EndGlobalSection
EndGlobal
